<?xml version="1.0" encoding="utf-8"?>
<Project ToolsVersion="4.0" xmlns="http://schemas.microsoft.com/developer/msbuild/2003">
  <ItemGroup>
    <Filter Include="Core">
      <UniqueIdentifier>{2EB4837C-1AEB-840D-C3D7-6A10AFED000F}</UniqueIdentifier>
    </Filter>
    <Filter Include="Core\Window">
      <UniqueIdentifier>{5581319D-C136-AA92-4A2B-A469B6DFA096}</UniqueIdentifier>
    </Filter>
    <Filter Include="Rendering">
      <UniqueIdentifier>{E3AE1F7C-4F19-D4F2-9857-85980401B247}</UniqueIdentifier>
    </Filter>
    <Filter Include="Rendering\Vulkan">
      <UniqueIdentifier>{03BF5EF3-EFB7-7D45-18EA-62CA04425D51}</UniqueIdentifier>
    </Filter>
    <Filter Include="Src">
      <UniqueIdentifier>{0D23880B-792C-887C-02A8-9E7C6EB0937C}</UniqueIdentifier>
    </Filter>
    <Filter Include="deps">
      <UniqueIdentifier>{F1A1957C-DDD8-960D-86C5-7C1072DB120F}</UniqueIdentifier>
    </Filter>
    <Filter Include="deps\include">
      <UniqueIdentifier>{642A5A28-508D-E9CC-F912-2283E554B54F}</UniqueIdentifier>
    </Filter>
    <Filter Include="deps\include\vkbootstrap">
      <UniqueIdentifier>{521A85BD-3E3F-D43D-678A-B9CD530ED35B}</UniqueIdentifier>
    </Filter>
  </ItemGroup>
  <ItemGroup>
    <ClInclude Include="Core\Engine.h">
      <Filter>Core</Filter>
    </ClInclude>
    <ClInclude Include="Core\Log.h">
      <Filter>Core</Filter>
    </ClInclude>
    <ClInclude Include="Core\Window\Window.h">
      <Filter>Core\Window</Filter>
    </ClInclude>
    <ClInclude Include="Core\Window\WindowManager.h">
      <Filter>Core\Window</Filter>
    </ClInclude>
    <ClInclude Include="Rendering\Vulkan\Device.h">
      <Filter>Rendering\Vulkan</Filter>
    </ClInclude>
    <ClInclude Include="Rendering\Vulkan\Renderer.h">
      <Filter>Rendering\Vulkan</Filter>
    </ClInclude>
    <ClInclude Include="Rendering\Vulkan\SwapChain.h">
      <Filter>Rendering\Vulkan</Filter>
    </ClInclude>
    <ClInclude Include="Rendering\Vulkan\VulkanUtils.h">
      <Filter>Rendering\Vulkan</Filter>
    </ClInclude>
    <ClInclude Include="Src\EntryPoint.h">
      <Filter>Src</Filter>
    </ClInclude>
    <ClInclude Include="Src\PrimitiveTypes.h">
      <Filter>Src</Filter>
    </ClInclude>
    <ClInclude Include="Src\ScarlettEngineDefines.h">
      <Filter>Src</Filter>
    </ClInclude>
    <ClInclude Include="Src\ScarlettEnginePch.h">
      <Filter>Src</Filter>
    </ClInclude>
    <ClInclude Include="deps\include\vkbootstrap\VkBootstrap.h">
      <Filter>deps\include\vkbootstrap</Filter>
    </ClInclude>
    <ClInclude Include="deps\include\vkbootstrap\VkBootstrapDispatch.h">
      <Filter>deps\include\vkbootstrap</Filter>
    </ClInclude>
  </ItemGroup>
  <ItemGroup>
    <ClCompile Include="Core\Engine.cpp">
      <Filter>Core</Filter>
    </ClCompile>
    <ClCompile Include="Core\Log.cpp">
      <Filter>Core</Filter>
    </ClCompile>
    <ClCompile Include="Core\Window\Window.cpp">
      <Filter>Core\Window</Filter>
    </ClCompile>
    <ClCompile Include="Core\Window\WindowManager.cpp">
      <Filter>Core\Window</Filter>
    </ClCompile>
    <ClCompile Include="Rendering\Vulkan\Device.cpp">
      <Filter>Rendering\Vulkan</Filter>
    </ClCompile>
    <ClCompile Include="Rendering\Vulkan\Renderer.cpp">
      <Filter>Rendering\Vulkan</Filter>
    </ClCompile>
    <ClCompile Include="Rendering\Vulkan\SwapChain.cpp">
      <Filter>Rendering\Vulkan</Filter>
    </ClCompile>
    <ClCompile Include="Src\ScarlettEnginePch.cpp">
      <Filter>Src</Filter>
    </ClCompile>
    <ClCompile Include="deps\include\vkbootstrap\VkBootstrap.cpp">
      <Filter>deps\include\vkbootstrap</Filter>
    </ClCompile>
  </ItemGroup>
</Project>